
Microsoft Visual Studio Solution File, Format Version 12.00
# Visual Studio Version 17
VisualStudioVersion = 17.0.31912.275
MinimumVisualStudioVersion = 10.0.40219.1
Project("{8BC9CEB8-8B4A-11D0-8D11-00A0C91BC942}") = "CarRental", "CarRental\CarRental.vcxproj", "{90E40C8B-540B-4C39-8D7C-327C55614EBD}"
EndProject
Global
	GlobalSection(SolutionConfigurationPlatforms) = preSolution
		Debug|x64 = Debug|x64
		Debug|x86 = Debug|x86
		Release|x64 = Release|x64
		Release|x86 = Release|x86
	EndGlobalSection
	GlobalSection(ProjectConfigurationPlatforms) = postSolution
		{90E40C8B-540B-4C39-8D7C-327C55614EBD}.Debug|x64.ActiveCfg = Debug|x64
		{90E40C8B-540B-4C39-8D7C-327C55614EBD}.Debug|x64.Build.0 = Debug|x64
		{90E40C8B-540B-4C39-8D7C-327C55614EBD}.Debug|x86.ActiveCfg = Debug|Win32
		{90E40C8B-540B-4C39-8D7C-327C55614EBD}.Debug|x86.Build.0 = Debug|Win32
		{90E40C8B-540B-4C39-8D7C-327C55614EBD}.Release|x64.ActiveCfg = Release|x64
		{90E40C8B-540B-4C39-8D7C-327C55614EBD}.Release|x64.Build.0 = Release|x64
		{90E40C8B-540B-4C39-8D7C-327C55614EBD}.Release|x86.ActiveCfg = Release|Win32
		{90E40C8B-540B-4C39-8D7C-327C55614EBD}.Release|x86.Build.0 = Release|Win32
	EndGlobalSection
	GlobalSection(SolutionProperties) = preSolution
		HideSolutionNode = FALSE
	EndGlobalSection
	GlobalSection(ExtensibilityGlobals) = postSolution
		SolutionGuid = {04C73DEE-08D8-40F9-B48F-A5898A7F756D}
	EndGlobalSection
EndGlobal
